
Microsoft Visual Studio Solution File, Format Version 12.00
# Visual Studio Version 17
Project("{8BC9CEB8-8B4A-11D0-8D11-00A0C91BC942}") = "ALL_BUILD", "ALL_BUILD.vcxproj", "{B501699E-C4F9-368D-ACA3-4B935A753137}"
	ProjectSection(ProjectDependencies) = postProject
		{0F817B66-F8B0-3AEE-9BCF-D51B5C39A615} = {0F817B66-F8B0-3AEE-9BCF-D51B5C39A615}
		{68AF06F4-1838-35FD-87CE-7277ED50E248} = {68AF06F4-1838-35FD-87CE-7277ED50E248}
		{951C4C83-F8FB-3C06-A66C-176CEDF8D6BA} = {951C4C83-F8FB-3C06-A66C-176CEDF8D6BA}
	EndProjectSection
EndProject
Project("{8BC9CEB8-8B4A-11D0-8D11-00A0C91BC942}") = "RUN_TESTS", "RUN_TESTS.vcxproj", "{BE9A4F7E-F789-3999-90B8-C7A8A0B3FFC3}"
	ProjectSection(ProjectDependencies) = postProject
		{0F817B66-F8B0-3AEE-9BCF-D51B5C39A615} = {0F817B66-F8B0-3AEE-9BCF-D51B5C39A615}
	EndProjectSection
EndProject
Project("{8BC9CEB8-8B4A-11D0-8D11-00A0C91BC942}") = "ZERO_CHECK", "..\\ZERO_CHECK.vcxproj", "{0F817B66-F8B0-3AEE-9BCF-D51B5C39A615}"
	ProjectSection(ProjectDependencies) = postProject
	EndProjectSection
EndProject
Project("{8BC9CEB8-8B4A-11D0-8D11-00A0C91BC942}") = "gtest", "gtest.vcxproj", "{68AF06F4-1838-35FD-87CE-7277ED50E248}"
	ProjectSection(ProjectDependencies) = postProject
		{0F817B66-F8B0-3AEE-9BCF-D51B5C39A615} = {0F817B66-F8B0-3AEE-9BCF-D51B5C39A615}
	EndProjectSection
EndProject
Project("{8BC9CEB8-8B4A-11D0-8D11-00A0C91BC942}") = "gtest_main", "gtest_main.vcxproj", "{951C4C83-F8FB-3C06-A66C-176CEDF8D6BA}"
	ProjectSection(ProjectDependencies) = postProject
		{0F817B66-F8B0-3AEE-9BCF-D51B5C39A615} = {0F817B66-F8B0-3AEE-9BCF-D51B5C39A615}
		{68AF06F4-1838-35FD-87CE-7277ED50E248} = {68AF06F4-1838-35FD-87CE-7277ED50E248}
	EndProjectSection
EndProject
Global
	GlobalSection(SolutionConfigurationPlatforms) = preSolution
		Debug|x64 = Debug|x64
		Release|x64 = Release|x64
		MinSizeRel|x64 = MinSizeRel|x64
		RelWithDebInfo|x64 = RelWithDebInfo|x64
	EndGlobalSection
	GlobalSection(ProjectConfigurationPlatforms) = postSolution
		{B501699E-C4F9-368D-ACA3-4B935A753137}.Debug|x64.ActiveCfg = Debug|x64
		{B501699E-C4F9-368D-ACA3-4B935A753137}.Release|x64.ActiveCfg = Release|x64
		{B501699E-C4F9-368D-ACA3-4B935A753137}.MinSizeRel|x64.ActiveCfg = MinSizeRel|x64
		{B501699E-C4F9-368D-ACA3-4B935A753137}.RelWithDebInfo|x64.ActiveCfg = RelWithDebInfo|x64
		{BE9A4F7E-F789-3999-90B8-C7A8A0B3FFC3}.Debug|x64.ActiveCfg = Debug|x64
		{BE9A4F7E-F789-3999-90B8-C7A8A0B3FFC3}.Release|x64.ActiveCfg = Release|x64
		{BE9A4F7E-F789-3999-90B8-C7A8A0B3FFC3}.MinSizeRel|x64.ActiveCfg = MinSizeRel|x64
		{BE9A4F7E-F789-3999-90B8-C7A8A0B3FFC3}.RelWithDebInfo|x64.ActiveCfg = RelWithDebInfo|x64
		{0F817B66-F8B0-3AEE-9BCF-D51B5C39A615}.Debug|x64.ActiveCfg = Debug|x64
		{0F817B66-F8B0-3AEE-9BCF-D51B5C39A615}.Debug|x64.Build.0 = Debug|x64
		{0F817B66-F8B0-3AEE-9BCF-D51B5C39A615}.Release|x64.ActiveCfg = Release|x64
		{0F817B66-F8B0-3AEE-9BCF-D51B5C39A615}.Release|x64.Build.0 = Release|x64
		{0F817B66-F8B0-3AEE-9BCF-D51B5C39A615}.MinSizeRel|x64.ActiveCfg = MinSizeRel|x64
		{0F817B66-F8B0-3AEE-9BCF-D51B5C39A615}.MinSizeRel|x64.Build.0 = MinSizeRel|x64
		{0F817B66-F8B0-3AEE-9BCF-D51B5C39A615}.RelWithDebInfo|x64.ActiveCfg = RelWithDebInfo|x64
		{0F817B66-F8B0-3AEE-9BCF-D51B5C39A615}.RelWithDebInfo|x64.Build.0 = RelWithDebInfo|x64
		{68AF06F4-1838-35FD-87CE-7277ED50E248}.Debug|x64.ActiveCfg = Debug|x64
		{68AF06F4-1838-35FD-87CE-7277ED50E248}.Debug|x64.Build.0 = Debug|x64
		{68AF06F4-1838-35FD-87CE-7277ED50E248}.Release|x64.ActiveCfg = Release|x64
		{68AF06F4-1838-35FD-87CE-7277ED50E248}.Release|x64.Build.0 = Release|x64
		{68AF06F4-1838-35FD-87CE-7277ED50E248}.MinSizeRel|x64.ActiveCfg = MinSizeRel|x64
		{68AF06F4-1838-35FD-87CE-7277ED50E248}.MinSizeRel|x64.Build.0 = MinSizeRel|x64
		{68AF06F4-1838-35FD-87CE-7277ED50E248}.RelWithDebInfo|x64.ActiveCfg = RelWithDebInfo|x64
		{68AF06F4-1838-35FD-87CE-7277ED50E248}.RelWithDebInfo|x64.Build.0 = RelWithDebInfo|x64
		{951C4C83-F8FB-3C06-A66C-176CEDF8D6BA}.Debug|x64.ActiveCfg = Debug|x64
		{951C4C83-F8FB-3C06-A66C-176CEDF8D6BA}.Debug|x64.Build.0 = Debug|x64
		{951C4C83-F8FB-3C06-A66C-176CEDF8D6BA}.Release|x64.ActiveCfg = Release|x64
		{951C4C83-F8FB-3C06-A66C-176CEDF8D6BA}.Release|x64.Build.0 = Release|x64
		{951C4C83-F8FB-3C06-A66C-176CEDF8D6BA}.MinSizeRel|x64.ActiveCfg = MinSizeRel|x64
		{951C4C83-F8FB-3C06-A66C-176CEDF8D6BA}.MinSizeRel|x64.Build.0 = MinSizeRel|x64
		{951C4C83-F8FB-3C06-A66C-176CEDF8D6BA}.RelWithDebInfo|x64.ActiveCfg = RelWithDebInfo|x64
		{951C4C83-F8FB-3C06-A66C-176CEDF8D6BA}.RelWithDebInfo|x64.Build.0 = RelWithDebInfo|x64
	EndGlobalSection
	GlobalSection(ExtensibilityGlobals) = postSolution
		SolutionGuid = {F84F12D7-FE1A-358A-A80D-43AC9B61C75A}
	EndGlobalSection
	GlobalSection(ExtensibilityAddIns) = postSolution
	EndGlobalSection
EndGlobal
