<?xml version="1.0" encoding="utf-8"?>
<Project ToolsVersion="17.0" xmlns="http://schemas.microsoft.com/developer/msbuild/2003">
  <ItemGroup>
    <CustomBuild Include="E:\developpements\visual\StochasticDithering\delaunator-cpp\CMakeFiles\4b0ede7cb650ffc14990fe9e4df7f493\RUN_TESTS_force.rule">
      <Filter>CMake Rules</Filter>
    </CustomBuild>
  </ItemGroup>
  <ItemGroup>
    <Filter Include="CMake Rules">
      <UniqueIdentifier>{795226A9-6D9B-3994-B45A-A67D22FF1806}</UniqueIdentifier>
    </Filter>
  </ItemGroup>
</Project>
