<?xml version="1.0" encoding="utf-8"?>
<Project ToolsVersion="17.0" xmlns="http://schemas.microsoft.com/developer/msbuild/2003">
  <ItemGroup>
    <ClCompile Include="C:\Users\rodoc\HOME\developpement\visual\StochasticDithering\libharu\src\hpdf_annotation.c">
      <Filter>Source Files</Filter>
    </ClCompile>
    <ClCompile Include="C:\Users\rodoc\HOME\developpement\visual\StochasticDithering\libharu\src\hpdf_array.c">
      <Filter>Source Files</Filter>
    </ClCompile>
    <ClCompile Include="C:\Users\rodoc\HOME\developpement\visual\StochasticDithering\libharu\src\hpdf_binary.c">
      <Filter>Source Files</Filter>
    </ClCompile>
    <ClCompile Include="C:\Users\rodoc\HOME\developpement\visual\StochasticDithering\libharu\src\hpdf_boolean.c">
      <Filter>Source Files</Filter>
    </ClCompile>
    <ClCompile Include="C:\Users\rodoc\HOME\developpement\visual\StochasticDithering\libharu\src\hpdf_catalog.c">
      <Filter>Source Files</Filter>
    </ClCompile>
    <ClCompile Include="C:\Users\rodoc\HOME\developpement\visual\StochasticDithering\libharu\src\hpdf_destination.c">
      <Filter>Source Files</Filter>
    </ClCompile>
    <ClCompile Include="C:\Users\rodoc\HOME\developpement\visual\StochasticDithering\libharu\src\hpdf_dict.c">
      <Filter>Source Files</Filter>
    </ClCompile>
    <ClCompile Include="C:\Users\rodoc\HOME\developpement\visual\StochasticDithering\libharu\src\hpdf_doc_png.c">
      <Filter>Source Files</Filter>
    </ClCompile>
    <ClCompile Include="C:\Users\rodoc\HOME\developpement\visual\StochasticDithering\libharu\src\hpdf_doc.c">
      <Filter>Source Files</Filter>
    </ClCompile>
    <ClCompile Include="C:\Users\rodoc\HOME\developpement\visual\StochasticDithering\libharu\src\hpdf_encoder_cns.c">
      <Filter>Source Files</Filter>
    </ClCompile>
    <ClCompile Include="C:\Users\rodoc\HOME\developpement\visual\StochasticDithering\libharu\src\hpdf_encoder_cnt.c">
      <Filter>Source Files</Filter>
    </ClCompile>
    <ClCompile Include="C:\Users\rodoc\HOME\developpement\visual\StochasticDithering\libharu\src\hpdf_encoder_jp.c">
      <Filter>Source Files</Filter>
    </ClCompile>
    <ClCompile Include="C:\Users\rodoc\HOME\developpement\visual\StochasticDithering\libharu\src\hpdf_encoder_kr.c">
      <Filter>Source Files</Filter>
    </ClCompile>
    <ClCompile Include="C:\Users\rodoc\HOME\developpement\visual\StochasticDithering\libharu\src\hpdf_encoder.c">
      <Filter>Source Files</Filter>
    </ClCompile>
    <ClCompile Include="C:\Users\rodoc\HOME\developpement\visual\StochasticDithering\libharu\src\hpdf_encrypt.c">
      <Filter>Source Files</Filter>
    </ClCompile>
    <ClCompile Include="C:\Users\rodoc\HOME\developpement\visual\StochasticDithering\libharu\src\hpdf_encryptdict.c">
      <Filter>Source Files</Filter>
    </ClCompile>
    <ClCompile Include="C:\Users\rodoc\HOME\developpement\visual\StochasticDithering\libharu\src\hpdf_error.c">
      <Filter>Source Files</Filter>
    </ClCompile>
    <ClCompile Include="C:\Users\rodoc\HOME\developpement\visual\StochasticDithering\libharu\src\hpdf_ext_gstate.c">
      <Filter>Source Files</Filter>
    </ClCompile>
    <ClCompile Include="C:\Users\rodoc\HOME\developpement\visual\StochasticDithering\libharu\src\hpdf_font_cid.c">
      <Filter>Source Files</Filter>
    </ClCompile>
    <ClCompile Include="C:\Users\rodoc\HOME\developpement\visual\StochasticDithering\libharu\src\hpdf_font_tt.c">
      <Filter>Source Files</Filter>
    </ClCompile>
    <ClCompile Include="C:\Users\rodoc\HOME\developpement\visual\StochasticDithering\libharu\src\hpdf_font_type1.c">
      <Filter>Source Files</Filter>
    </ClCompile>
    <ClCompile Include="C:\Users\rodoc\HOME\developpement\visual\StochasticDithering\libharu\src\hpdf_font.c">
      <Filter>Source Files</Filter>
    </ClCompile>
    <ClCompile Include="C:\Users\rodoc\HOME\developpement\visual\StochasticDithering\libharu\src\hpdf_fontdef_base14.c">
      <Filter>Source Files</Filter>
    </ClCompile>
    <ClCompile Include="C:\Users\rodoc\HOME\developpement\visual\StochasticDithering\libharu\src\hpdf_fontdef_cid.c">
      <Filter>Source Files</Filter>
    </ClCompile>
    <ClCompile Include="C:\Users\rodoc\HOME\developpement\visual\StochasticDithering\libharu\src\hpdf_fontdef_cns.c">
      <Filter>Source Files</Filter>
    </ClCompile>
    <ClCompile Include="C:\Users\rodoc\HOME\developpement\visual\StochasticDithering\libharu\src\hpdf_fontdef_cnt.c">
      <Filter>Source Files</Filter>
    </ClCompile>
    <ClCompile Include="C:\Users\rodoc\HOME\developpement\visual\StochasticDithering\libharu\src\hpdf_fontdef_jp.c">
      <Filter>Source Files</Filter>
    </ClCompile>
    <ClCompile Include="C:\Users\rodoc\HOME\developpement\visual\StochasticDithering\libharu\src\hpdf_fontdef_kr.c">
      <Filter>Source Files</Filter>
    </ClCompile>
    <ClCompile Include="C:\Users\rodoc\HOME\developpement\visual\StochasticDithering\libharu\src\hpdf_fontdef_tt.c">
      <Filter>Source Files</Filter>
    </ClCompile>
    <ClCompile Include="C:\Users\rodoc\HOME\developpement\visual\StochasticDithering\libharu\src\hpdf_fontdef_type1.c">
      <Filter>Source Files</Filter>
    </ClCompile>
    <ClCompile Include="C:\Users\rodoc\HOME\developpement\visual\StochasticDithering\libharu\src\hpdf_fontdef.c">
      <Filter>Source Files</Filter>
    </ClCompile>
    <ClCompile Include="C:\Users\rodoc\HOME\developpement\visual\StochasticDithering\libharu\src\hpdf_gstate.c">
      <Filter>Source Files</Filter>
    </ClCompile>
    <ClCompile Include="C:\Users\rodoc\HOME\developpement\visual\StochasticDithering\libharu\src\hpdf_image_ccitt.c">
      <Filter>Source Files</Filter>
    </ClCompile>
    <ClCompile Include="C:\Users\rodoc\HOME\developpement\visual\StochasticDithering\libharu\src\hpdf_image_png.c">
      <Filter>Source Files</Filter>
    </ClCompile>
    <ClCompile Include="C:\Users\rodoc\HOME\developpement\visual\StochasticDithering\libharu\src\hpdf_image.c">
      <Filter>Source Files</Filter>
    </ClCompile>
    <ClCompile Include="C:\Users\rodoc\HOME\developpement\visual\StochasticDithering\libharu\src\hpdf_info.c">
      <Filter>Source Files</Filter>
    </ClCompile>
    <ClCompile Include="C:\Users\rodoc\HOME\developpement\visual\StochasticDithering\libharu\src\hpdf_list.c">
      <Filter>Source Files</Filter>
    </ClCompile>
    <ClCompile Include="C:\Users\rodoc\HOME\developpement\visual\StochasticDithering\libharu\src\hpdf_mmgr.c">
      <Filter>Source Files</Filter>
    </ClCompile>
    <ClCompile Include="C:\Users\rodoc\HOME\developpement\visual\StochasticDithering\libharu\src\hpdf_name.c">
      <Filter>Source Files</Filter>
    </ClCompile>
    <ClCompile Include="C:\Users\rodoc\HOME\developpement\visual\StochasticDithering\libharu\src\hpdf_namedict.c">
      <Filter>Source Files</Filter>
    </ClCompile>
    <ClCompile Include="C:\Users\rodoc\HOME\developpement\visual\StochasticDithering\libharu\src\hpdf_null.c">
      <Filter>Source Files</Filter>
    </ClCompile>
    <ClCompile Include="C:\Users\rodoc\HOME\developpement\visual\StochasticDithering\libharu\src\hpdf_number.c">
      <Filter>Source Files</Filter>
    </ClCompile>
    <ClCompile Include="C:\Users\rodoc\HOME\developpement\visual\StochasticDithering\libharu\src\hpdf_objects.c">
      <Filter>Source Files</Filter>
    </ClCompile>
    <ClCompile Include="C:\Users\rodoc\HOME\developpement\visual\StochasticDithering\libharu\src\hpdf_outline.c">
      <Filter>Source Files</Filter>
    </ClCompile>
    <ClCompile Include="C:\Users\rodoc\HOME\developpement\visual\StochasticDithering\libharu\src\hpdf_page_label.c">
      <Filter>Source Files</Filter>
    </ClCompile>
    <ClCompile Include="C:\Users\rodoc\HOME\developpement\visual\StochasticDithering\libharu\src\hpdf_page_operator.c">
      <Filter>Source Files</Filter>
    </ClCompile>
    <ClCompile Include="C:\Users\rodoc\HOME\developpement\visual\StochasticDithering\libharu\src\hpdf_pages.c">
      <Filter>Source Files</Filter>
    </ClCompile>
    <ClCompile Include="C:\Users\rodoc\HOME\developpement\visual\StochasticDithering\libharu\src\hpdf_real.c">
      <Filter>Source Files</Filter>
    </ClCompile>
    <ClCompile Include="C:\Users\rodoc\HOME\developpement\visual\StochasticDithering\libharu\src\hpdf_streams.c">
      <Filter>Source Files</Filter>
    </ClCompile>
    <ClCompile Include="C:\Users\rodoc\HOME\developpement\visual\StochasticDithering\libharu\src\hpdf_string.c">
      <Filter>Source Files</Filter>
    </ClCompile>
    <ClCompile Include="C:\Users\rodoc\HOME\developpement\visual\StochasticDithering\libharu\src\hpdf_u3d.c">
      <Filter>Source Files</Filter>
    </ClCompile>
    <ClCompile Include="C:\Users\rodoc\HOME\developpement\visual\StochasticDithering\libharu\src\hpdf_utils.c">
      <Filter>Source Files</Filter>
    </ClCompile>
    <ClCompile Include="C:\Users\rodoc\HOME\developpement\visual\StochasticDithering\libharu\src\hpdf_xref.c">
      <Filter>Source Files</Filter>
    </ClCompile>
    <ClCompile Include="C:\Users\rodoc\HOME\developpement\visual\StochasticDithering\libharu\src\hpdf_pdfa.c">
      <Filter>Source Files</Filter>
    </ClCompile>
    <ClCompile Include="C:\Users\rodoc\HOME\developpement\visual\StochasticDithering\libharu\src\hpdf_3dmeasure.c">
      <Filter>Source Files</Filter>
    </ClCompile>
    <ClCompile Include="C:\Users\rodoc\HOME\developpement\visual\StochasticDithering\libharu\src\hpdf_exdata.c">
      <Filter>Source Files</Filter>
    </ClCompile>
    <ClCompile Include="C:\Users\rodoc\HOME\developpement\visual\StochasticDithering\libharu\src\hpdf_encoder_utf.c">
      <Filter>Source Files</Filter>
    </ClCompile>
  </ItemGroup>
  <ItemGroup>
    <CustomBuild Include="C:\Users\rodoc\HOME\developpement\visual\StochasticDithering\libharu\src\CMakeLists.txt" />
  </ItemGroup>
  <ItemGroup>
    <Filter Include="Source Files">
      <UniqueIdentifier>{66FACB71-D52D-399F-A674-97DF432698C1}</UniqueIdentifier>
    </Filter>
  </ItemGroup>
</Project>
