<?xml version="1.0" encoding="utf-8"?>
<Project ToolsVersion="17.0" xmlns="http://schemas.microsoft.com/developer/msbuild/2003">
  <ItemGroup>
    <CustomBuild Include="D:\developpements\visual\StochasticDithering\libharu\CMakeFiles\ef04cb8353608fb230d8482e635f3868\PACKAGE_force.rule">
      <Filter>CMake Rules</Filter>
    </CustomBuild>
  </ItemGroup>
  <ItemGroup>
    <Filter Include="CMake Rules">
      <UniqueIdentifier>{C5037D72-EA9E-3993-BA0B-ABBEF1A9DEE9}</UniqueIdentifier>
    </Filter>
  </ItemGroup>
</Project>
