
Microsoft Visual Studio Solution File, Format Version 12.00
# Visual Studio Version 17
Project("{8BC9CEB8-8B4A-11D0-8D11-00A0C91BC942}") = "ALL_BUILD", "ALL_BUILD.vcxproj", "{B501699E-C4F9-368D-ACA3-4B935A753137}"
	ProjectSection(ProjectDependencies) = postProject
		{0F817B66-F8B0-3AEE-9BCF-D51B5C39A615} = {0F817B66-F8B0-3AEE-9BCF-D51B5C39A615}
		{3B16C075-2617-35BF-BA23-74F3755E5251} = {3B16C075-2617-35BF-BA23-74F3755E5251}
		{2788521E-B210-340A-B44C-509222C375B1} = {2788521E-B210-340A-B44C-509222C375B1}
		{68AF06F4-1838-35FD-87CE-7277ED50E248} = {68AF06F4-1838-35FD-87CE-7277ED50E248}
		{951C4C83-F8FB-3C06-A66C-176CEDF8D6BA} = {951C4C83-F8FB-3C06-A66C-176CEDF8D6BA}
		{8D7B2CB1-707B-3503-832E-C4DAD1DE8AF7} = {8D7B2CB1-707B-3503-832E-C4DAD1DE8AF7}
	EndProjectSection
EndProject
Project("{8BC9CEB8-8B4A-11D0-8D11-00A0C91BC942}") = "Continuous", "Continuous.vcxproj", "{AAC93E55-3189-315D-B1F5-BE10B5EE3137}"
	ProjectSection(ProjectDependencies) = postProject
		{0F817B66-F8B0-3AEE-9BCF-D51B5C39A615} = {0F817B66-F8B0-3AEE-9BCF-D51B5C39A615}
	EndProjectSection
EndProject
Project("{8BC9CEB8-8B4A-11D0-8D11-00A0C91BC942}") = "Experimental", "Experimental.vcxproj", "{1B22789D-3B9D-3713-85CE-E008382049C4}"
	ProjectSection(ProjectDependencies) = postProject
		{0F817B66-F8B0-3AEE-9BCF-D51B5C39A615} = {0F817B66-F8B0-3AEE-9BCF-D51B5C39A615}
	EndProjectSection
EndProject
Project("{8BC9CEB8-8B4A-11D0-8D11-00A0C91BC942}") = "Nightly", "Nightly.vcxproj", "{6C3881C4-021C-3158-824E-363E04B420F0}"
	ProjectSection(ProjectDependencies) = postProject
		{0F817B66-F8B0-3AEE-9BCF-D51B5C39A615} = {0F817B66-F8B0-3AEE-9BCF-D51B5C39A615}
	EndProjectSection
EndProject
Project("{8BC9CEB8-8B4A-11D0-8D11-00A0C91BC942}") = "NightlyMemoryCheck", "NightlyMemoryCheck.vcxproj", "{82233BC2-29B3-348E-A3AF-E649F2CCB53F}"
	ProjectSection(ProjectDependencies) = postProject
		{0F817B66-F8B0-3AEE-9BCF-D51B5C39A615} = {0F817B66-F8B0-3AEE-9BCF-D51B5C39A615}
	EndProjectSection
EndProject
Project("{8BC9CEB8-8B4A-11D0-8D11-00A0C91BC942}") = "RUN_TESTS", "RUN_TESTS.vcxproj", "{BE9A4F7E-F789-3999-90B8-C7A8A0B3FFC3}"
	ProjectSection(ProjectDependencies) = postProject
		{0F817B66-F8B0-3AEE-9BCF-D51B5C39A615} = {0F817B66-F8B0-3AEE-9BCF-D51B5C39A615}
	EndProjectSection
EndProject
Project("{8BC9CEB8-8B4A-11D0-8D11-00A0C91BC942}") = "ZERO_CHECK", "ZERO_CHECK.vcxproj", "{0F817B66-F8B0-3AEE-9BCF-D51B5C39A615}"
	ProjectSection(ProjectDependencies) = postProject
	EndProjectSection
EndProject
Project("{8BC9CEB8-8B4A-11D0-8D11-00A0C91BC942}") = "delaunator", "delaunator.vcxproj", "{3B16C075-2617-35BF-BA23-74F3755E5251}"
	ProjectSection(ProjectDependencies) = postProject
		{0F817B66-F8B0-3AEE-9BCF-D51B5C39A615} = {0F817B66-F8B0-3AEE-9BCF-D51B5C39A615}
	EndProjectSection
EndProject
Project("{8BC9CEB8-8B4A-11D0-8D11-00A0C91BC942}") = "delaunator.test", "test\delaunator.test.vcxproj", "{2788521E-B210-340A-B44C-509222C375B1}"
	ProjectSection(ProjectDependencies) = postProject
		{0F817B66-F8B0-3AEE-9BCF-D51B5C39A615} = {0F817B66-F8B0-3AEE-9BCF-D51B5C39A615}
		{3B16C075-2617-35BF-BA23-74F3755E5251} = {3B16C075-2617-35BF-BA23-74F3755E5251}
		{68AF06F4-1838-35FD-87CE-7277ED50E248} = {68AF06F4-1838-35FD-87CE-7277ED50E248}
	EndProjectSection
EndProject
Project("{8BC9CEB8-8B4A-11D0-8D11-00A0C91BC942}") = "gtest", "gtest\gtest.vcxproj", "{68AF06F4-1838-35FD-87CE-7277ED50E248}"
	ProjectSection(ProjectDependencies) = postProject
		{0F817B66-F8B0-3AEE-9BCF-D51B5C39A615} = {0F817B66-F8B0-3AEE-9BCF-D51B5C39A615}
	EndProjectSection
EndProject
Project("{8BC9CEB8-8B4A-11D0-8D11-00A0C91BC942}") = "gtest_main", "gtest\gtest_main.vcxproj", "{951C4C83-F8FB-3C06-A66C-176CEDF8D6BA}"
	ProjectSection(ProjectDependencies) = postProject
		{0F817B66-F8B0-3AEE-9BCF-D51B5C39A615} = {0F817B66-F8B0-3AEE-9BCF-D51B5C39A615}
		{68AF06F4-1838-35FD-87CE-7277ED50E248} = {68AF06F4-1838-35FD-87CE-7277ED50E248}
	EndProjectSection
EndProject
Project("{8BC9CEB8-8B4A-11D0-8D11-00A0C91BC942}") = "issue-8", "test\issue-8.vcxproj", "{8D7B2CB1-707B-3503-832E-C4DAD1DE8AF7}"
	ProjectSection(ProjectDependencies) = postProject
		{0F817B66-F8B0-3AEE-9BCF-D51B5C39A615} = {0F817B66-F8B0-3AEE-9BCF-D51B5C39A615}
		{3B16C075-2617-35BF-BA23-74F3755E5251} = {3B16C075-2617-35BF-BA23-74F3755E5251}
		{68AF06F4-1838-35FD-87CE-7277ED50E248} = {68AF06F4-1838-35FD-87CE-7277ED50E248}
	EndProjectSection
EndProject
Global
	GlobalSection(SolutionConfigurationPlatforms) = preSolution
		Debug|x64 = Debug|x64
		Release|x64 = Release|x64
		MinSizeRel|x64 = MinSizeRel|x64
		RelWithDebInfo|x64 = RelWithDebInfo|x64
	EndGlobalSection
	GlobalSection(ProjectConfigurationPlatforms) = postSolution
		{B501699E-C4F9-368D-ACA3-4B935A753137}.Debug|x64.ActiveCfg = Debug|x64
		{B501699E-C4F9-368D-ACA3-4B935A753137}.Release|x64.ActiveCfg = Release|x64
		{B501699E-C4F9-368D-ACA3-4B935A753137}.MinSizeRel|x64.ActiveCfg = MinSizeRel|x64
		{B501699E-C4F9-368D-ACA3-4B935A753137}.RelWithDebInfo|x64.ActiveCfg = RelWithDebInfo|x64
		{AAC93E55-3189-315D-B1F5-BE10B5EE3137}.Debug|x64.ActiveCfg = Debug|x64
		{AAC93E55-3189-315D-B1F5-BE10B5EE3137}.Release|x64.ActiveCfg = Release|x64
		{AAC93E55-3189-315D-B1F5-BE10B5EE3137}.MinSizeRel|x64.ActiveCfg = MinSizeRel|x64
		{AAC93E55-3189-315D-B1F5-BE10B5EE3137}.RelWithDebInfo|x64.ActiveCfg = RelWithDebInfo|x64
		{1B22789D-3B9D-3713-85CE-E008382049C4}.Debug|x64.ActiveCfg = Debug|x64
		{1B22789D-3B9D-3713-85CE-E008382049C4}.Release|x64.ActiveCfg = Release|x64
		{1B22789D-3B9D-3713-85CE-E008382049C4}.MinSizeRel|x64.ActiveCfg = MinSizeRel|x64
		{1B22789D-3B9D-3713-85CE-E008382049C4}.RelWithDebInfo|x64.ActiveCfg = RelWithDebInfo|x64
		{6C3881C4-021C-3158-824E-363E04B420F0}.Debug|x64.ActiveCfg = Debug|x64
		{6C3881C4-021C-3158-824E-363E04B420F0}.Release|x64.ActiveCfg = Release|x64
		{6C3881C4-021C-3158-824E-363E04B420F0}.MinSizeRel|x64.ActiveCfg = MinSizeRel|x64
		{6C3881C4-021C-3158-824E-363E04B420F0}.RelWithDebInfo|x64.ActiveCfg = RelWithDebInfo|x64
		{82233BC2-29B3-348E-A3AF-E649F2CCB53F}.Debug|x64.ActiveCfg = Debug|x64
		{82233BC2-29B3-348E-A3AF-E649F2CCB53F}.Release|x64.ActiveCfg = Release|x64
		{82233BC2-29B3-348E-A3AF-E649F2CCB53F}.MinSizeRel|x64.ActiveCfg = MinSizeRel|x64
		{82233BC2-29B3-348E-A3AF-E649F2CCB53F}.RelWithDebInfo|x64.ActiveCfg = RelWithDebInfo|x64
		{BE9A4F7E-F789-3999-90B8-C7A8A0B3FFC3}.Debug|x64.ActiveCfg = Debug|x64
		{BE9A4F7E-F789-3999-90B8-C7A8A0B3FFC3}.Release|x64.ActiveCfg = Release|x64
		{BE9A4F7E-F789-3999-90B8-C7A8A0B3FFC3}.MinSizeRel|x64.ActiveCfg = MinSizeRel|x64
		{BE9A4F7E-F789-3999-90B8-C7A8A0B3FFC3}.RelWithDebInfo|x64.ActiveCfg = RelWithDebInfo|x64
		{0F817B66-F8B0-3AEE-9BCF-D51B5C39A615}.Debug|x64.ActiveCfg = Debug|x64
		{0F817B66-F8B0-3AEE-9BCF-D51B5C39A615}.Debug|x64.Build.0 = Debug|x64
		{0F817B66-F8B0-3AEE-9BCF-D51B5C39A615}.Release|x64.ActiveCfg = Release|x64
		{0F817B66-F8B0-3AEE-9BCF-D51B5C39A615}.Release|x64.Build.0 = Release|x64
		{0F817B66-F8B0-3AEE-9BCF-D51B5C39A615}.MinSizeRel|x64.ActiveCfg = MinSizeRel|x64
		{0F817B66-F8B0-3AEE-9BCF-D51B5C39A615}.MinSizeRel|x64.Build.0 = MinSizeRel|x64
		{0F817B66-F8B0-3AEE-9BCF-D51B5C39A615}.RelWithDebInfo|x64.ActiveCfg = RelWithDebInfo|x64
		{0F817B66-F8B0-3AEE-9BCF-D51B5C39A615}.RelWithDebInfo|x64.Build.0 = RelWithDebInfo|x64
		{3B16C075-2617-35BF-BA23-74F3755E5251}.Debug|x64.ActiveCfg = Debug|x64
		{3B16C075-2617-35BF-BA23-74F3755E5251}.Debug|x64.Build.0 = Debug|x64
		{3B16C075-2617-35BF-BA23-74F3755E5251}.Release|x64.ActiveCfg = Release|x64
		{3B16C075-2617-35BF-BA23-74F3755E5251}.Release|x64.Build.0 = Release|x64
		{3B16C075-2617-35BF-BA23-74F3755E5251}.MinSizeRel|x64.ActiveCfg = MinSizeRel|x64
		{3B16C075-2617-35BF-BA23-74F3755E5251}.MinSizeRel|x64.Build.0 = MinSizeRel|x64
		{3B16C075-2617-35BF-BA23-74F3755E5251}.RelWithDebInfo|x64.ActiveCfg = RelWithDebInfo|x64
		{3B16C075-2617-35BF-BA23-74F3755E5251}.RelWithDebInfo|x64.Build.0 = RelWithDebInfo|x64
		{2788521E-B210-340A-B44C-509222C375B1}.Debug|x64.ActiveCfg = Debug|x64
		{2788521E-B210-340A-B44C-509222C375B1}.Debug|x64.Build.0 = Debug|x64
		{2788521E-B210-340A-B44C-509222C375B1}.Release|x64.ActiveCfg = Release|x64
		{2788521E-B210-340A-B44C-509222C375B1}.Release|x64.Build.0 = Release|x64
		{2788521E-B210-340A-B44C-509222C375B1}.MinSizeRel|x64.ActiveCfg = MinSizeRel|x64
		{2788521E-B210-340A-B44C-509222C375B1}.MinSizeRel|x64.Build.0 = MinSizeRel|x64
		{2788521E-B210-340A-B44C-509222C375B1}.RelWithDebInfo|x64.ActiveCfg = RelWithDebInfo|x64
		{2788521E-B210-340A-B44C-509222C375B1}.RelWithDebInfo|x64.Build.0 = RelWithDebInfo|x64
		{68AF06F4-1838-35FD-87CE-7277ED50E248}.Debug|x64.ActiveCfg = Debug|x64
		{68AF06F4-1838-35FD-87CE-7277ED50E248}.Debug|x64.Build.0 = Debug|x64
		{68AF06F4-1838-35FD-87CE-7277ED50E248}.Release|x64.ActiveCfg = Release|x64
		{68AF06F4-1838-35FD-87CE-7277ED50E248}.Release|x64.Build.0 = Release|x64
		{68AF06F4-1838-35FD-87CE-7277ED50E248}.MinSizeRel|x64.ActiveCfg = MinSizeRel|x64
		{68AF06F4-1838-35FD-87CE-7277ED50E248}.MinSizeRel|x64.Build.0 = MinSizeRel|x64
		{68AF06F4-1838-35FD-87CE-7277ED50E248}.RelWithDebInfo|x64.ActiveCfg = RelWithDebInfo|x64
		{68AF06F4-1838-35FD-87CE-7277ED50E248}.RelWithDebInfo|x64.Build.0 = RelWithDebInfo|x64
		{951C4C83-F8FB-3C06-A66C-176CEDF8D6BA}.Debug|x64.ActiveCfg = Debug|x64
		{951C4C83-F8FB-3C06-A66C-176CEDF8D6BA}.Debug|x64.Build.0 = Debug|x64
		{951C4C83-F8FB-3C06-A66C-176CEDF8D6BA}.Release|x64.ActiveCfg = Release|x64
		{951C4C83-F8FB-3C06-A66C-176CEDF8D6BA}.Release|x64.Build.0 = Release|x64
		{951C4C83-F8FB-3C06-A66C-176CEDF8D6BA}.MinSizeRel|x64.ActiveCfg = MinSizeRel|x64
		{951C4C83-F8FB-3C06-A66C-176CEDF8D6BA}.MinSizeRel|x64.Build.0 = MinSizeRel|x64
		{951C4C83-F8FB-3C06-A66C-176CEDF8D6BA}.RelWithDebInfo|x64.ActiveCfg = RelWithDebInfo|x64
		{951C4C83-F8FB-3C06-A66C-176CEDF8D6BA}.RelWithDebInfo|x64.Build.0 = RelWithDebInfo|x64
		{8D7B2CB1-707B-3503-832E-C4DAD1DE8AF7}.Debug|x64.ActiveCfg = Debug|x64
		{8D7B2CB1-707B-3503-832E-C4DAD1DE8AF7}.Debug|x64.Build.0 = Debug|x64
		{8D7B2CB1-707B-3503-832E-C4DAD1DE8AF7}.Release|x64.ActiveCfg = Release|x64
		{8D7B2CB1-707B-3503-832E-C4DAD1DE8AF7}.Release|x64.Build.0 = Release|x64
		{8D7B2CB1-707B-3503-832E-C4DAD1DE8AF7}.MinSizeRel|x64.ActiveCfg = MinSizeRel|x64
		{8D7B2CB1-707B-3503-832E-C4DAD1DE8AF7}.MinSizeRel|x64.Build.0 = MinSizeRel|x64
		{8D7B2CB1-707B-3503-832E-C4DAD1DE8AF7}.RelWithDebInfo|x64.ActiveCfg = RelWithDebInfo|x64
		{8D7B2CB1-707B-3503-832E-C4DAD1DE8AF7}.RelWithDebInfo|x64.Build.0 = RelWithDebInfo|x64
	EndGlobalSection
	GlobalSection(ExtensibilityGlobals) = postSolution
		SolutionGuid = {3AB9F272-36D4-3559-A178-EB148F9776A1}
	EndGlobalSection
	GlobalSection(ExtensibilityAddIns) = postSolution
	EndGlobalSection
EndGlobal
