
Microsoft Visual Studio Solution File, Format Version 12.00
# Visual Studio Version 17
Project("{8BC9CEB8-8B4A-11D0-8D11-00A0C91BC942}") = "ALL_BUILD", "ALL_BUILD.vcxproj", "{A694D8E4-215F-3CDF-893C-7CC13F2FB56C}"
	ProjectSection(ProjectDependencies) = postProject
		{0EF46A09-670E-3580-A50F-987C51E93510} = {0EF46A09-670E-3580-A50F-987C51E93510}
		{CC19D546-E3F5-3405-ABD2-ACE747BE3443} = {CC19D546-E3F5-3405-ABD2-ACE747BE3443}
		{37EF51CD-3E1F-330F-8E6C-ED84E5B02D67} = {37EF51CD-3E1F-330F-8E6C-ED84E5B02D67}
		{EB1A5E68-F782-3DAE-A5F5-820316206C80} = {EB1A5E68-F782-3DAE-A5F5-820316206C80}
		{15591988-E57F-38BA-9D73-6D1E57A62F04} = {15591988-E57F-38BA-9D73-6D1E57A62F04}
		{7D0A7BB0-250A-3CB3-BE93-4857EA203D6D} = {7D0A7BB0-250A-3CB3-BE93-4857EA203D6D}
	EndProjectSection
EndProject
Project("{8BC9CEB8-8B4A-11D0-8D11-00A0C91BC942}") = "Continuous", "Continuous.vcxproj", "{3DDA320A-EBF3-3D25-BA58-AD5D1FD4A5D9}"
	ProjectSection(ProjectDependencies) = postProject
		{0EF46A09-670E-3580-A50F-987C51E93510} = {0EF46A09-670E-3580-A50F-987C51E93510}
	EndProjectSection
EndProject
Project("{8BC9CEB8-8B4A-11D0-8D11-00A0C91BC942}") = "Experimental", "Experimental.vcxproj", "{58BB8108-4CB0-3AAD-8C3B-8AFAD915EE46}"
	ProjectSection(ProjectDependencies) = postProject
		{0EF46A09-670E-3580-A50F-987C51E93510} = {0EF46A09-670E-3580-A50F-987C51E93510}
	EndProjectSection
EndProject
Project("{8BC9CEB8-8B4A-11D0-8D11-00A0C91BC942}") = "Nightly", "Nightly.vcxproj", "{5CA934F7-83A7-3E05-B8C2-E7FA0FBB289F}"
	ProjectSection(ProjectDependencies) = postProject
		{0EF46A09-670E-3580-A50F-987C51E93510} = {0EF46A09-670E-3580-A50F-987C51E93510}
	EndProjectSection
EndProject
Project("{8BC9CEB8-8B4A-11D0-8D11-00A0C91BC942}") = "NightlyMemoryCheck", "NightlyMemoryCheck.vcxproj", "{4E2BAC19-1491-302A-82DF-4E66890EBBFB}"
	ProjectSection(ProjectDependencies) = postProject
		{0EF46A09-670E-3580-A50F-987C51E93510} = {0EF46A09-670E-3580-A50F-987C51E93510}
	EndProjectSection
EndProject
Project("{8BC9CEB8-8B4A-11D0-8D11-00A0C91BC942}") = "RUN_TESTS", "RUN_TESTS.vcxproj", "{8B99A846-3460-3243-BDC5-A9A16AC23635}"
	ProjectSection(ProjectDependencies) = postProject
		{0EF46A09-670E-3580-A50F-987C51E93510} = {0EF46A09-670E-3580-A50F-987C51E93510}
	EndProjectSection
EndProject
Project("{8BC9CEB8-8B4A-11D0-8D11-00A0C91BC942}") = "ZERO_CHECK", "ZERO_CHECK.vcxproj", "{0EF46A09-670E-3580-A50F-987C51E93510}"
	ProjectSection(ProjectDependencies) = postProject
	EndProjectSection
EndProject
Project("{8BC9CEB8-8B4A-11D0-8D11-00A0C91BC942}") = "delaunator", "delaunator.vcxproj", "{CC19D546-E3F5-3405-ABD2-ACE747BE3443}"
	ProjectSection(ProjectDependencies) = postProject
		{0EF46A09-670E-3580-A50F-987C51E93510} = {0EF46A09-670E-3580-A50F-987C51E93510}
	EndProjectSection
EndProject
Project("{8BC9CEB8-8B4A-11D0-8D11-00A0C91BC942}") = "delaunator.test", "test\delaunator.test.vcxproj", "{37EF51CD-3E1F-330F-8E6C-ED84E5B02D67}"
	ProjectSection(ProjectDependencies) = postProject
		{0EF46A09-670E-3580-A50F-987C51E93510} = {0EF46A09-670E-3580-A50F-987C51E93510}
		{CC19D546-E3F5-3405-ABD2-ACE747BE3443} = {CC19D546-E3F5-3405-ABD2-ACE747BE3443}
		{EB1A5E68-F782-3DAE-A5F5-820316206C80} = {EB1A5E68-F782-3DAE-A5F5-820316206C80}
	EndProjectSection
EndProject
Project("{8BC9CEB8-8B4A-11D0-8D11-00A0C91BC942}") = "gtest", "gtest\gtest.vcxproj", "{EB1A5E68-F782-3DAE-A5F5-820316206C80}"
	ProjectSection(ProjectDependencies) = postProject
		{0EF46A09-670E-3580-A50F-987C51E93510} = {0EF46A09-670E-3580-A50F-987C51E93510}
	EndProjectSection
EndProject
Project("{8BC9CEB8-8B4A-11D0-8D11-00A0C91BC942}") = "gtest_main", "gtest\gtest_main.vcxproj", "{15591988-E57F-38BA-9D73-6D1E57A62F04}"
	ProjectSection(ProjectDependencies) = postProject
		{0EF46A09-670E-3580-A50F-987C51E93510} = {0EF46A09-670E-3580-A50F-987C51E93510}
		{EB1A5E68-F782-3DAE-A5F5-820316206C80} = {EB1A5E68-F782-3DAE-A5F5-820316206C80}
	EndProjectSection
EndProject
Project("{8BC9CEB8-8B4A-11D0-8D11-00A0C91BC942}") = "issue-8", "test\issue-8.vcxproj", "{7D0A7BB0-250A-3CB3-BE93-4857EA203D6D}"
	ProjectSection(ProjectDependencies) = postProject
		{0EF46A09-670E-3580-A50F-987C51E93510} = {0EF46A09-670E-3580-A50F-987C51E93510}
		{CC19D546-E3F5-3405-ABD2-ACE747BE3443} = {CC19D546-E3F5-3405-ABD2-ACE747BE3443}
		{EB1A5E68-F782-3DAE-A5F5-820316206C80} = {EB1A5E68-F782-3DAE-A5F5-820316206C80}
	EndProjectSection
EndProject
Global
	GlobalSection(SolutionConfigurationPlatforms) = preSolution
		Debug|x64 = Debug|x64
		Release|x64 = Release|x64
		MinSizeRel|x64 = MinSizeRel|x64
		RelWithDebInfo|x64 = RelWithDebInfo|x64
	EndGlobalSection
	GlobalSection(ProjectConfigurationPlatforms) = postSolution
		{A694D8E4-215F-3CDF-893C-7CC13F2FB56C}.Debug|x64.ActiveCfg = Debug|x64
		{A694D8E4-215F-3CDF-893C-7CC13F2FB56C}.Release|x64.ActiveCfg = Release|x64
		{A694D8E4-215F-3CDF-893C-7CC13F2FB56C}.MinSizeRel|x64.ActiveCfg = MinSizeRel|x64
		{A694D8E4-215F-3CDF-893C-7CC13F2FB56C}.RelWithDebInfo|x64.ActiveCfg = RelWithDebInfo|x64
		{3DDA320A-EBF3-3D25-BA58-AD5D1FD4A5D9}.Debug|x64.ActiveCfg = Debug|x64
		{3DDA320A-EBF3-3D25-BA58-AD5D1FD4A5D9}.Release|x64.ActiveCfg = Release|x64
		{3DDA320A-EBF3-3D25-BA58-AD5D1FD4A5D9}.MinSizeRel|x64.ActiveCfg = MinSizeRel|x64
		{3DDA320A-EBF3-3D25-BA58-AD5D1FD4A5D9}.RelWithDebInfo|x64.ActiveCfg = RelWithDebInfo|x64
		{58BB8108-4CB0-3AAD-8C3B-8AFAD915EE46}.Debug|x64.ActiveCfg = Debug|x64
		{58BB8108-4CB0-3AAD-8C3B-8AFAD915EE46}.Release|x64.ActiveCfg = Release|x64
		{58BB8108-4CB0-3AAD-8C3B-8AFAD915EE46}.MinSizeRel|x64.ActiveCfg = MinSizeRel|x64
		{58BB8108-4CB0-3AAD-8C3B-8AFAD915EE46}.RelWithDebInfo|x64.ActiveCfg = RelWithDebInfo|x64
		{5CA934F7-83A7-3E05-B8C2-E7FA0FBB289F}.Debug|x64.ActiveCfg = Debug|x64
		{5CA934F7-83A7-3E05-B8C2-E7FA0FBB289F}.Release|x64.ActiveCfg = Release|x64
		{5CA934F7-83A7-3E05-B8C2-E7FA0FBB289F}.MinSizeRel|x64.ActiveCfg = MinSizeRel|x64
		{5CA934F7-83A7-3E05-B8C2-E7FA0FBB289F}.RelWithDebInfo|x64.ActiveCfg = RelWithDebInfo|x64
		{4E2BAC19-1491-302A-82DF-4E66890EBBFB}.Debug|x64.ActiveCfg = Debug|x64
		{4E2BAC19-1491-302A-82DF-4E66890EBBFB}.Release|x64.ActiveCfg = Release|x64
		{4E2BAC19-1491-302A-82DF-4E66890EBBFB}.MinSizeRel|x64.ActiveCfg = MinSizeRel|x64
		{4E2BAC19-1491-302A-82DF-4E66890EBBFB}.RelWithDebInfo|x64.ActiveCfg = RelWithDebInfo|x64
		{8B99A846-3460-3243-BDC5-A9A16AC23635}.Debug|x64.ActiveCfg = Debug|x64
		{8B99A846-3460-3243-BDC5-A9A16AC23635}.Release|x64.ActiveCfg = Release|x64
		{8B99A846-3460-3243-BDC5-A9A16AC23635}.MinSizeRel|x64.ActiveCfg = MinSizeRel|x64
		{8B99A846-3460-3243-BDC5-A9A16AC23635}.RelWithDebInfo|x64.ActiveCfg = RelWithDebInfo|x64
		{0EF46A09-670E-3580-A50F-987C51E93510}.Debug|x64.ActiveCfg = Debug|x64
		{0EF46A09-670E-3580-A50F-987C51E93510}.Debug|x64.Build.0 = Debug|x64
		{0EF46A09-670E-3580-A50F-987C51E93510}.Release|x64.ActiveCfg = Release|x64
		{0EF46A09-670E-3580-A50F-987C51E93510}.Release|x64.Build.0 = Release|x64
		{0EF46A09-670E-3580-A50F-987C51E93510}.MinSizeRel|x64.ActiveCfg = MinSizeRel|x64
		{0EF46A09-670E-3580-A50F-987C51E93510}.MinSizeRel|x64.Build.0 = MinSizeRel|x64
		{0EF46A09-670E-3580-A50F-987C51E93510}.RelWithDebInfo|x64.ActiveCfg = RelWithDebInfo|x64
		{0EF46A09-670E-3580-A50F-987C51E93510}.RelWithDebInfo|x64.Build.0 = RelWithDebInfo|x64
		{CC19D546-E3F5-3405-ABD2-ACE747BE3443}.Debug|x64.ActiveCfg = Debug|x64
		{CC19D546-E3F5-3405-ABD2-ACE747BE3443}.Debug|x64.Build.0 = Debug|x64
		{CC19D546-E3F5-3405-ABD2-ACE747BE3443}.Release|x64.ActiveCfg = Release|x64
		{CC19D546-E3F5-3405-ABD2-ACE747BE3443}.Release|x64.Build.0 = Release|x64
		{CC19D546-E3F5-3405-ABD2-ACE747BE3443}.MinSizeRel|x64.ActiveCfg = MinSizeRel|x64
		{CC19D546-E3F5-3405-ABD2-ACE747BE3443}.MinSizeRel|x64.Build.0 = MinSizeRel|x64
		{CC19D546-E3F5-3405-ABD2-ACE747BE3443}.RelWithDebInfo|x64.ActiveCfg = RelWithDebInfo|x64
		{CC19D546-E3F5-3405-ABD2-ACE747BE3443}.RelWithDebInfo|x64.Build.0 = RelWithDebInfo|x64
		{37EF51CD-3E1F-330F-8E6C-ED84E5B02D67}.Debug|x64.ActiveCfg = Debug|x64
		{37EF51CD-3E1F-330F-8E6C-ED84E5B02D67}.Debug|x64.Build.0 = Debug|x64
		{37EF51CD-3E1F-330F-8E6C-ED84E5B02D67}.Release|x64.ActiveCfg = Release|x64
		{37EF51CD-3E1F-330F-8E6C-ED84E5B02D67}.Release|x64.Build.0 = Release|x64
		{37EF51CD-3E1F-330F-8E6C-ED84E5B02D67}.MinSizeRel|x64.ActiveCfg = MinSizeRel|x64
		{37EF51CD-3E1F-330F-8E6C-ED84E5B02D67}.MinSizeRel|x64.Build.0 = MinSizeRel|x64
		{37EF51CD-3E1F-330F-8E6C-ED84E5B02D67}.RelWithDebInfo|x64.ActiveCfg = RelWithDebInfo|x64
		{37EF51CD-3E1F-330F-8E6C-ED84E5B02D67}.RelWithDebInfo|x64.Build.0 = RelWithDebInfo|x64
		{EB1A5E68-F782-3DAE-A5F5-820316206C80}.Debug|x64.ActiveCfg = Debug|x64
		{EB1A5E68-F782-3DAE-A5F5-820316206C80}.Debug|x64.Build.0 = Debug|x64
		{EB1A5E68-F782-3DAE-A5F5-820316206C80}.Release|x64.ActiveCfg = Release|x64
		{EB1A5E68-F782-3DAE-A5F5-820316206C80}.Release|x64.Build.0 = Release|x64
		{EB1A5E68-F782-3DAE-A5F5-820316206C80}.MinSizeRel|x64.ActiveCfg = MinSizeRel|x64
		{EB1A5E68-F782-3DAE-A5F5-820316206C80}.MinSizeRel|x64.Build.0 = MinSizeRel|x64
		{EB1A5E68-F782-3DAE-A5F5-820316206C80}.RelWithDebInfo|x64.ActiveCfg = RelWithDebInfo|x64
		{EB1A5E68-F782-3DAE-A5F5-820316206C80}.RelWithDebInfo|x64.Build.0 = RelWithDebInfo|x64
		{15591988-E57F-38BA-9D73-6D1E57A62F04}.Debug|x64.ActiveCfg = Debug|x64
		{15591988-E57F-38BA-9D73-6D1E57A62F04}.Debug|x64.Build.0 = Debug|x64
		{15591988-E57F-38BA-9D73-6D1E57A62F04}.Release|x64.ActiveCfg = Release|x64
		{15591988-E57F-38BA-9D73-6D1E57A62F04}.Release|x64.Build.0 = Release|x64
		{15591988-E57F-38BA-9D73-6D1E57A62F04}.MinSizeRel|x64.ActiveCfg = MinSizeRel|x64
		{15591988-E57F-38BA-9D73-6D1E57A62F04}.MinSizeRel|x64.Build.0 = MinSizeRel|x64
		{15591988-E57F-38BA-9D73-6D1E57A62F04}.RelWithDebInfo|x64.ActiveCfg = RelWithDebInfo|x64
		{15591988-E57F-38BA-9D73-6D1E57A62F04}.RelWithDebInfo|x64.Build.0 = RelWithDebInfo|x64
		{7D0A7BB0-250A-3CB3-BE93-4857EA203D6D}.Debug|x64.ActiveCfg = Debug|x64
		{7D0A7BB0-250A-3CB3-BE93-4857EA203D6D}.Debug|x64.Build.0 = Debug|x64
		{7D0A7BB0-250A-3CB3-BE93-4857EA203D6D}.Release|x64.ActiveCfg = Release|x64
		{7D0A7BB0-250A-3CB3-BE93-4857EA203D6D}.Release|x64.Build.0 = Release|x64
		{7D0A7BB0-250A-3CB3-BE93-4857EA203D6D}.MinSizeRel|x64.ActiveCfg = MinSizeRel|x64
		{7D0A7BB0-250A-3CB3-BE93-4857EA203D6D}.MinSizeRel|x64.Build.0 = MinSizeRel|x64
		{7D0A7BB0-250A-3CB3-BE93-4857EA203D6D}.RelWithDebInfo|x64.ActiveCfg = RelWithDebInfo|x64
		{7D0A7BB0-250A-3CB3-BE93-4857EA203D6D}.RelWithDebInfo|x64.Build.0 = RelWithDebInfo|x64
	EndGlobalSection
	GlobalSection(ExtensibilityGlobals) = postSolution
		SolutionGuid = {7D5AF144-BD46-3F79-8D5A-C0397D6DC7FA}
	EndGlobalSection
	GlobalSection(ExtensibilityAddIns) = postSolution
	EndGlobalSection
EndGlobal
