<?xml version="1.0" encoding="utf-8"?>
<Project ToolsVersion="17.0" xmlns="http://schemas.microsoft.com/developer/msbuild/2003">
  <ItemGroup>
    <CustomBuild Include="E:\developpements\visual\StochasticDithering\delaunator-cpp\CMakeFiles\7dcd98c599e210cb753b658b3e13e2d6\Nightly.rule">
      <Filter>CMake Rules</Filter>
    </CustomBuild>
    <CustomBuild Include="E:\developpements\visual\StochasticDithering\delaunator-cpp\CMakeLists.txt" />
  </ItemGroup>
  <ItemGroup>
    <None Include="E:\developpements\visual\StochasticDithering\delaunator-cpp\CMakeFiles\Nightly" />
  </ItemGroup>
  <ItemGroup>
    <Filter Include="CMake Rules">
      <UniqueIdentifier>{795226A9-6D9B-3994-B45A-A67D22FF1806}</UniqueIdentifier>
    </Filter>
  </ItemGroup>
</Project>
