
Microsoft Visual Studio Solution File, Format Version 12.00
# Visual Studio Version 17
Project("{8BC9CEB8-8B4A-11D0-8D11-00A0C91BC942}") = "ALL_BUILD", "ALL_BUILD.vcxproj", "{136DC934-501E-3BA0-884C-27F408A35E58}"
	ProjectSection(ProjectDependencies) = postProject
		{FBD59C47-74D8-33C4-BFB4-8A7824604CE2} = {FBD59C47-74D8-33C4-BFB4-8A7824604CE2}
		{67235D9F-AA06-3767-AA72-BD4AABD407B0} = {67235D9F-AA06-3767-AA72-BD4AABD407B0}
	EndProjectSection
EndProject
Project("{8BC9CEB8-8B4A-11D0-8D11-00A0C91BC942}") = "ZERO_CHECK", "ZERO_CHECK.vcxproj", "{FBD59C47-74D8-33C4-BFB4-8A7824604CE2}"
	ProjectSection(ProjectDependencies) = postProject
	EndProjectSection
EndProject
Project("{8BC9CEB8-8B4A-11D0-8D11-00A0C91BC942}") = "argparse", "argparse.vcxproj", "{67235D9F-AA06-3767-AA72-BD4AABD407B0}"
	ProjectSection(ProjectDependencies) = postProject
		{FBD59C47-74D8-33C4-BFB4-8A7824604CE2} = {FBD59C47-74D8-33C4-BFB4-8A7824604CE2}
	EndProjectSection
EndProject
Global
	GlobalSection(SolutionConfigurationPlatforms) = preSolution
		Debug|x64 = Debug|x64
		Release|x64 = Release|x64
		MinSizeRel|x64 = MinSizeRel|x64
		RelWithDebInfo|x64 = RelWithDebInfo|x64
	EndGlobalSection
	GlobalSection(ProjectConfigurationPlatforms) = postSolution
		{136DC934-501E-3BA0-884C-27F408A35E58}.Debug|x64.ActiveCfg = Debug|x64
		{136DC934-501E-3BA0-884C-27F408A35E58}.Release|x64.ActiveCfg = Release|x64
		{136DC934-501E-3BA0-884C-27F408A35E58}.MinSizeRel|x64.ActiveCfg = MinSizeRel|x64
		{136DC934-501E-3BA0-884C-27F408A35E58}.RelWithDebInfo|x64.ActiveCfg = RelWithDebInfo|x64
		{FBD59C47-74D8-33C4-BFB4-8A7824604CE2}.Debug|x64.ActiveCfg = Debug|x64
		{FBD59C47-74D8-33C4-BFB4-8A7824604CE2}.Debug|x64.Build.0 = Debug|x64
		{FBD59C47-74D8-33C4-BFB4-8A7824604CE2}.Release|x64.ActiveCfg = Release|x64
		{FBD59C47-74D8-33C4-BFB4-8A7824604CE2}.Release|x64.Build.0 = Release|x64
		{FBD59C47-74D8-33C4-BFB4-8A7824604CE2}.MinSizeRel|x64.ActiveCfg = MinSizeRel|x64
		{FBD59C47-74D8-33C4-BFB4-8A7824604CE2}.MinSizeRel|x64.Build.0 = MinSizeRel|x64
		{FBD59C47-74D8-33C4-BFB4-8A7824604CE2}.RelWithDebInfo|x64.ActiveCfg = RelWithDebInfo|x64
		{FBD59C47-74D8-33C4-BFB4-8A7824604CE2}.RelWithDebInfo|x64.Build.0 = RelWithDebInfo|x64
		{67235D9F-AA06-3767-AA72-BD4AABD407B0}.Debug|x64.ActiveCfg = Debug|x64
		{67235D9F-AA06-3767-AA72-BD4AABD407B0}.Debug|x64.Build.0 = Debug|x64
		{67235D9F-AA06-3767-AA72-BD4AABD407B0}.Release|x64.ActiveCfg = Release|x64
		{67235D9F-AA06-3767-AA72-BD4AABD407B0}.Release|x64.Build.0 = Release|x64
		{67235D9F-AA06-3767-AA72-BD4AABD407B0}.MinSizeRel|x64.ActiveCfg = MinSizeRel|x64
		{67235D9F-AA06-3767-AA72-BD4AABD407B0}.MinSizeRel|x64.Build.0 = MinSizeRel|x64
		{67235D9F-AA06-3767-AA72-BD4AABD407B0}.RelWithDebInfo|x64.ActiveCfg = RelWithDebInfo|x64
		{67235D9F-AA06-3767-AA72-BD4AABD407B0}.RelWithDebInfo|x64.Build.0 = RelWithDebInfo|x64
	EndGlobalSection
	GlobalSection(ExtensibilityGlobals) = postSolution
		SolutionGuid = {C28AE234-99A2-3737-ACAB-9A9391988E14}
	EndGlobalSection
	GlobalSection(ExtensibilityAddIns) = postSolution
	EndGlobalSection
EndGlobal
