
Microsoft Visual Studio Solution File, Format Version 12.00
# Visual Studio Version 17
Project("{8BC9CEB8-8B4A-11D0-8D11-00A0C91BC942}") = "ALL_BUILD", "ALL_BUILD.vcxproj", "{A5BCCB6E-2EB9-3BA6-B311-C99C9125F3E2}"
	ProjectSection(ProjectDependencies) = postProject
		{2110609A-E96A-3331-96D8-B63E62F40EA6} = {2110609A-E96A-3331-96D8-B63E62F40EA6}
		{E5C18FEC-4A14-3EE5-9893-AF181E57B047} = {E5C18FEC-4A14-3EE5-9893-AF181E57B047}
	EndProjectSection
EndProject
Project("{8BC9CEB8-8B4A-11D0-8D11-00A0C91BC942}") = "ZERO_CHECK", "ZERO_CHECK.vcxproj", "{2110609A-E96A-3331-96D8-B63E62F40EA6}"
	ProjectSection(ProjectDependencies) = postProject
	EndProjectSection
EndProject
Project("{8BC9CEB8-8B4A-11D0-8D11-00A0C91BC942}") = "argparse", "argparse.vcxproj", "{E5C18FEC-4A14-3EE5-9893-AF181E57B047}"
	ProjectSection(ProjectDependencies) = postProject
		{2110609A-E96A-3331-96D8-B63E62F40EA6} = {2110609A-E96A-3331-96D8-B63E62F40EA6}
	EndProjectSection
EndProject
Global
	GlobalSection(SolutionConfigurationPlatforms) = preSolution
		Debug|x64 = Debug|x64
		Release|x64 = Release|x64
		MinSizeRel|x64 = MinSizeRel|x64
		RelWithDebInfo|x64 = RelWithDebInfo|x64
	EndGlobalSection
	GlobalSection(ProjectConfigurationPlatforms) = postSolution
		{A5BCCB6E-2EB9-3BA6-B311-C99C9125F3E2}.Debug|x64.ActiveCfg = Debug|x64
		{A5BCCB6E-2EB9-3BA6-B311-C99C9125F3E2}.Release|x64.ActiveCfg = Release|x64
		{A5BCCB6E-2EB9-3BA6-B311-C99C9125F3E2}.MinSizeRel|x64.ActiveCfg = MinSizeRel|x64
		{A5BCCB6E-2EB9-3BA6-B311-C99C9125F3E2}.RelWithDebInfo|x64.ActiveCfg = RelWithDebInfo|x64
		{2110609A-E96A-3331-96D8-B63E62F40EA6}.Debug|x64.ActiveCfg = Debug|x64
		{2110609A-E96A-3331-96D8-B63E62F40EA6}.Debug|x64.Build.0 = Debug|x64
		{2110609A-E96A-3331-96D8-B63E62F40EA6}.Release|x64.ActiveCfg = Release|x64
		{2110609A-E96A-3331-96D8-B63E62F40EA6}.Release|x64.Build.0 = Release|x64
		{2110609A-E96A-3331-96D8-B63E62F40EA6}.MinSizeRel|x64.ActiveCfg = MinSizeRel|x64
		{2110609A-E96A-3331-96D8-B63E62F40EA6}.MinSizeRel|x64.Build.0 = MinSizeRel|x64
		{2110609A-E96A-3331-96D8-B63E62F40EA6}.RelWithDebInfo|x64.ActiveCfg = RelWithDebInfo|x64
		{2110609A-E96A-3331-96D8-B63E62F40EA6}.RelWithDebInfo|x64.Build.0 = RelWithDebInfo|x64
		{E5C18FEC-4A14-3EE5-9893-AF181E57B047}.Debug|x64.ActiveCfg = Debug|x64
		{E5C18FEC-4A14-3EE5-9893-AF181E57B047}.Debug|x64.Build.0 = Debug|x64
		{E5C18FEC-4A14-3EE5-9893-AF181E57B047}.Release|x64.ActiveCfg = Release|x64
		{E5C18FEC-4A14-3EE5-9893-AF181E57B047}.Release|x64.Build.0 = Release|x64
		{E5C18FEC-4A14-3EE5-9893-AF181E57B047}.MinSizeRel|x64.ActiveCfg = MinSizeRel|x64
		{E5C18FEC-4A14-3EE5-9893-AF181E57B047}.MinSizeRel|x64.Build.0 = MinSizeRel|x64
		{E5C18FEC-4A14-3EE5-9893-AF181E57B047}.RelWithDebInfo|x64.ActiveCfg = RelWithDebInfo|x64
		{E5C18FEC-4A14-3EE5-9893-AF181E57B047}.RelWithDebInfo|x64.Build.0 = RelWithDebInfo|x64
	EndGlobalSection
	GlobalSection(ExtensibilityGlobals) = postSolution
		SolutionGuid = {F88A6049-04EC-321A-9C3E-65F177B049B4}
	EndGlobalSection
	GlobalSection(ExtensibilityAddIns) = postSolution
	EndGlobalSection
EndGlobal
