<?xml version="1.0" encoding="utf-8"?>
<Project ToolsVersion="17.0" xmlns="http://schemas.microsoft.com/developer/msbuild/2003">
  <ItemGroup>
    <CustomBuild Include="D:\developpements\visual\StochasticDithering\argparse\CMakeFiles\006ce7473d26cf867b4fec51fdee8e07\generate.stamp.rule">
      <Filter>CMake Rules</Filter>
    </CustomBuild>
  </ItemGroup>
  <ItemGroup>
    <Filter Include="CMake Rules">
      <UniqueIdentifier>{C5D8CB18-14D1-374C-B77E-0E070FAC05D1}</UniqueIdentifier>
    </Filter>
  </ItemGroup>
</Project>
