
Microsoft Visual Studio Solution File, Format Version 12.00
# Visual Studio Version 17
Project("{8BC9CEB8-8B4A-11D0-8D11-00A0C91BC942}") = "ALL_BUILD", "ALL_BUILD.vcxproj", "{42406B79-2B43-3FBA-B007-B52D2EFA54C6}"
	ProjectSection(ProjectDependencies) = postProject
		{0BF0924E-1F5A-3E57-9DC1-37F7A3AC39D6} = {0BF0924E-1F5A-3E57-9DC1-37F7A3AC39D6}
		{50C84172-66C2-3DDF-AA5B-A32B8A58820C} = {50C84172-66C2-3DDF-AA5B-A32B8A58820C}
		{636C0919-8D54-31E1-BBCD-4AA9196FCDF1} = {636C0919-8D54-31E1-BBCD-4AA9196FCDF1}
	EndProjectSection
EndProject
Project("{8BC9CEB8-8B4A-11D0-8D11-00A0C91BC942}") = "INSTALL", "INSTALL.vcxproj", "{973084DB-09EB-3764-AB0D-7C8CD6635A04}"
	ProjectSection(ProjectDependencies) = postProject
		{42406B79-2B43-3FBA-B007-B52D2EFA54C6} = {42406B79-2B43-3FBA-B007-B52D2EFA54C6}
		{0BF0924E-1F5A-3E57-9DC1-37F7A3AC39D6} = {0BF0924E-1F5A-3E57-9DC1-37F7A3AC39D6}
	EndProjectSection
EndProject
Project("{8BC9CEB8-8B4A-11D0-8D11-00A0C91BC942}") = "PACKAGE", "PACKAGE.vcxproj", "{2CDCB1E9-DD42-3D07-ADEA-C23B52E21CD4}"
	ProjectSection(ProjectDependencies) = postProject
		{42406B79-2B43-3FBA-B007-B52D2EFA54C6} = {42406B79-2B43-3FBA-B007-B52D2EFA54C6}
		{0BF0924E-1F5A-3E57-9DC1-37F7A3AC39D6} = {0BF0924E-1F5A-3E57-9DC1-37F7A3AC39D6}
	EndProjectSection
EndProject
Project("{8BC9CEB8-8B4A-11D0-8D11-00A0C91BC942}") = "ZERO_CHECK", "ZERO_CHECK.vcxproj", "{0BF0924E-1F5A-3E57-9DC1-37F7A3AC39D6}"
	ProjectSection(ProjectDependencies) = postProject
	EndProjectSection
EndProject
Project("{8BC9CEB8-8B4A-11D0-8D11-00A0C91BC942}") = "libhpdf", "src\libhpdf.vcxproj", "{50C84172-66C2-3DDF-AA5B-A32B8A58820C}"
	ProjectSection(ProjectDependencies) = postProject
		{0BF0924E-1F5A-3E57-9DC1-37F7A3AC39D6} = {0BF0924E-1F5A-3E57-9DC1-37F7A3AC39D6}
	EndProjectSection
EndProject
Project("{8BC9CEB8-8B4A-11D0-8D11-00A0C91BC942}") = "libhpdfs", "src\libhpdfs.vcxproj", "{636C0919-8D54-31E1-BBCD-4AA9196FCDF1}"
	ProjectSection(ProjectDependencies) = postProject
		{0BF0924E-1F5A-3E57-9DC1-37F7A3AC39D6} = {0BF0924E-1F5A-3E57-9DC1-37F7A3AC39D6}
	EndProjectSection
EndProject
Global
	GlobalSection(SolutionConfigurationPlatforms) = preSolution
		Debug|x64 = Debug|x64
		Release|x64 = Release|x64
		MinSizeRel|x64 = MinSizeRel|x64
		RelWithDebInfo|x64 = RelWithDebInfo|x64
	EndGlobalSection
	GlobalSection(ProjectConfigurationPlatforms) = postSolution
		{42406B79-2B43-3FBA-B007-B52D2EFA54C6}.Debug|x64.ActiveCfg = Debug|x64
		{42406B79-2B43-3FBA-B007-B52D2EFA54C6}.Debug|x64.Build.0 = Debug|x64
		{42406B79-2B43-3FBA-B007-B52D2EFA54C6}.Release|x64.ActiveCfg = Release|x64
		{42406B79-2B43-3FBA-B007-B52D2EFA54C6}.Release|x64.Build.0 = Release|x64
		{42406B79-2B43-3FBA-B007-B52D2EFA54C6}.MinSizeRel|x64.ActiveCfg = MinSizeRel|x64
		{42406B79-2B43-3FBA-B007-B52D2EFA54C6}.MinSizeRel|x64.Build.0 = MinSizeRel|x64
		{42406B79-2B43-3FBA-B007-B52D2EFA54C6}.RelWithDebInfo|x64.ActiveCfg = RelWithDebInfo|x64
		{42406B79-2B43-3FBA-B007-B52D2EFA54C6}.RelWithDebInfo|x64.Build.0 = RelWithDebInfo|x64
		{973084DB-09EB-3764-AB0D-7C8CD6635A04}.Debug|x64.ActiveCfg = Debug|x64
		{973084DB-09EB-3764-AB0D-7C8CD6635A04}.Release|x64.ActiveCfg = Release|x64
		{973084DB-09EB-3764-AB0D-7C8CD6635A04}.MinSizeRel|x64.ActiveCfg = MinSizeRel|x64
		{973084DB-09EB-3764-AB0D-7C8CD6635A04}.RelWithDebInfo|x64.ActiveCfg = RelWithDebInfo|x64
		{2CDCB1E9-DD42-3D07-ADEA-C23B52E21CD4}.Debug|x64.ActiveCfg = Debug|x64
		{2CDCB1E9-DD42-3D07-ADEA-C23B52E21CD4}.Release|x64.ActiveCfg = Release|x64
		{2CDCB1E9-DD42-3D07-ADEA-C23B52E21CD4}.MinSizeRel|x64.ActiveCfg = MinSizeRel|x64
		{2CDCB1E9-DD42-3D07-ADEA-C23B52E21CD4}.RelWithDebInfo|x64.ActiveCfg = RelWithDebInfo|x64
		{0BF0924E-1F5A-3E57-9DC1-37F7A3AC39D6}.Debug|x64.ActiveCfg = Debug|x64
		{0BF0924E-1F5A-3E57-9DC1-37F7A3AC39D6}.Debug|x64.Build.0 = Debug|x64
		{0BF0924E-1F5A-3E57-9DC1-37F7A3AC39D6}.Release|x64.ActiveCfg = Release|x64
		{0BF0924E-1F5A-3E57-9DC1-37F7A3AC39D6}.Release|x64.Build.0 = Release|x64
		{0BF0924E-1F5A-3E57-9DC1-37F7A3AC39D6}.MinSizeRel|x64.ActiveCfg = MinSizeRel|x64
		{0BF0924E-1F5A-3E57-9DC1-37F7A3AC39D6}.MinSizeRel|x64.Build.0 = MinSizeRel|x64
		{0BF0924E-1F5A-3E57-9DC1-37F7A3AC39D6}.RelWithDebInfo|x64.ActiveCfg = RelWithDebInfo|x64
		{0BF0924E-1F5A-3E57-9DC1-37F7A3AC39D6}.RelWithDebInfo|x64.Build.0 = RelWithDebInfo|x64
		{50C84172-66C2-3DDF-AA5B-A32B8A58820C}.Debug|x64.ActiveCfg = Debug|x64
		{50C84172-66C2-3DDF-AA5B-A32B8A58820C}.Debug|x64.Build.0 = Debug|x64
		{50C84172-66C2-3DDF-AA5B-A32B8A58820C}.Release|x64.ActiveCfg = Release|x64
		{50C84172-66C2-3DDF-AA5B-A32B8A58820C}.Release|x64.Build.0 = Release|x64
		{50C84172-66C2-3DDF-AA5B-A32B8A58820C}.MinSizeRel|x64.ActiveCfg = MinSizeRel|x64
		{50C84172-66C2-3DDF-AA5B-A32B8A58820C}.MinSizeRel|x64.Build.0 = MinSizeRel|x64
		{50C84172-66C2-3DDF-AA5B-A32B8A58820C}.RelWithDebInfo|x64.ActiveCfg = RelWithDebInfo|x64
		{50C84172-66C2-3DDF-AA5B-A32B8A58820C}.RelWithDebInfo|x64.Build.0 = RelWithDebInfo|x64
		{636C0919-8D54-31E1-BBCD-4AA9196FCDF1}.Debug|x64.ActiveCfg = Debug|x64
		{636C0919-8D54-31E1-BBCD-4AA9196FCDF1}.Debug|x64.Build.0 = Debug|x64
		{636C0919-8D54-31E1-BBCD-4AA9196FCDF1}.Release|x64.ActiveCfg = Release|x64
		{636C0919-8D54-31E1-BBCD-4AA9196FCDF1}.Release|x64.Build.0 = Release|x64
		{636C0919-8D54-31E1-BBCD-4AA9196FCDF1}.MinSizeRel|x64.ActiveCfg = MinSizeRel|x64
		{636C0919-8D54-31E1-BBCD-4AA9196FCDF1}.MinSizeRel|x64.Build.0 = MinSizeRel|x64
		{636C0919-8D54-31E1-BBCD-4AA9196FCDF1}.RelWithDebInfo|x64.ActiveCfg = RelWithDebInfo|x64
		{636C0919-8D54-31E1-BBCD-4AA9196FCDF1}.RelWithDebInfo|x64.Build.0 = RelWithDebInfo|x64
	EndGlobalSection
	GlobalSection(ExtensibilityGlobals) = postSolution
		SolutionGuid = {44B55DEA-85B2-3932-8C2A-FF92CD66D427}
	EndGlobalSection
	GlobalSection(ExtensibilityAddIns) = postSolution
	EndGlobalSection
EndGlobal
