
Microsoft Visual Studio Solution File, Format Version 12.00
# Visual Studio Version 17
Project("{8BC9CEB8-8B4A-11D0-8D11-00A0C91BC942}") = "ALL_BUILD", "ALL_BUILD.vcxproj", "{32D795AB-4E45-3BBB-8991-0649CC99125A}"
	ProjectSection(ProjectDependencies) = postProject
		{88EE2EED-E564-3C80-BD86-ACA03C638B88} = {88EE2EED-E564-3C80-BD86-ACA03C638B88}
		{A624F711-BCF9-3C8D-849C-40D2681A60BB} = {A624F711-BCF9-3C8D-849C-40D2681A60BB}
		{3FCA30C1-F531-3F71-BE4E-F41261C900BE} = {3FCA30C1-F531-3F71-BE4E-F41261C900BE}
	EndProjectSection
EndProject
Project("{8BC9CEB8-8B4A-11D0-8D11-00A0C91BC942}") = "INSTALL", "INSTALL.vcxproj", "{53A966FE-6E72-3AA6-A187-F44DB2E5F563}"
	ProjectSection(ProjectDependencies) = postProject
		{32D795AB-4E45-3BBB-8991-0649CC99125A} = {32D795AB-4E45-3BBB-8991-0649CC99125A}
		{88EE2EED-E564-3C80-BD86-ACA03C638B88} = {88EE2EED-E564-3C80-BD86-ACA03C638B88}
	EndProjectSection
EndProject
Project("{8BC9CEB8-8B4A-11D0-8D11-00A0C91BC942}") = "PACKAGE", "PACKAGE.vcxproj", "{4625CF02-F8BF-30DB-8F8E-B90E63578613}"
	ProjectSection(ProjectDependencies) = postProject
		{32D795AB-4E45-3BBB-8991-0649CC99125A} = {32D795AB-4E45-3BBB-8991-0649CC99125A}
		{88EE2EED-E564-3C80-BD86-ACA03C638B88} = {88EE2EED-E564-3C80-BD86-ACA03C638B88}
	EndProjectSection
EndProject
Project("{8BC9CEB8-8B4A-11D0-8D11-00A0C91BC942}") = "ZERO_CHECK", "ZERO_CHECK.vcxproj", "{88EE2EED-E564-3C80-BD86-ACA03C638B88}"
	ProjectSection(ProjectDependencies) = postProject
	EndProjectSection
EndProject
Project("{8BC9CEB8-8B4A-11D0-8D11-00A0C91BC942}") = "libhpdf", "src\libhpdf.vcxproj", "{A624F711-BCF9-3C8D-849C-40D2681A60BB}"
	ProjectSection(ProjectDependencies) = postProject
		{88EE2EED-E564-3C80-BD86-ACA03C638B88} = {88EE2EED-E564-3C80-BD86-ACA03C638B88}
	EndProjectSection
EndProject
Project("{8BC9CEB8-8B4A-11D0-8D11-00A0C91BC942}") = "libhpdfs", "src\libhpdfs.vcxproj", "{3FCA30C1-F531-3F71-BE4E-F41261C900BE}"
	ProjectSection(ProjectDependencies) = postProject
		{88EE2EED-E564-3C80-BD86-ACA03C638B88} = {88EE2EED-E564-3C80-BD86-ACA03C638B88}
	EndProjectSection
EndProject
Global
	GlobalSection(SolutionConfigurationPlatforms) = preSolution
		Debug|x64 = Debug|x64
		Release|x64 = Release|x64
		MinSizeRel|x64 = MinSizeRel|x64
		RelWithDebInfo|x64 = RelWithDebInfo|x64
	EndGlobalSection
	GlobalSection(ProjectConfigurationPlatforms) = postSolution
		{32D795AB-4E45-3BBB-8991-0649CC99125A}.Debug|x64.ActiveCfg = Debug|x64
		{32D795AB-4E45-3BBB-8991-0649CC99125A}.Debug|x64.Build.0 = Debug|x64
		{32D795AB-4E45-3BBB-8991-0649CC99125A}.Release|x64.ActiveCfg = Release|x64
		{32D795AB-4E45-3BBB-8991-0649CC99125A}.Release|x64.Build.0 = Release|x64
		{32D795AB-4E45-3BBB-8991-0649CC99125A}.MinSizeRel|x64.ActiveCfg = MinSizeRel|x64
		{32D795AB-4E45-3BBB-8991-0649CC99125A}.MinSizeRel|x64.Build.0 = MinSizeRel|x64
		{32D795AB-4E45-3BBB-8991-0649CC99125A}.RelWithDebInfo|x64.ActiveCfg = RelWithDebInfo|x64
		{32D795AB-4E45-3BBB-8991-0649CC99125A}.RelWithDebInfo|x64.Build.0 = RelWithDebInfo|x64
		{53A966FE-6E72-3AA6-A187-F44DB2E5F563}.Debug|x64.ActiveCfg = Debug|x64
		{53A966FE-6E72-3AA6-A187-F44DB2E5F563}.Release|x64.ActiveCfg = Release|x64
		{53A966FE-6E72-3AA6-A187-F44DB2E5F563}.MinSizeRel|x64.ActiveCfg = MinSizeRel|x64
		{53A966FE-6E72-3AA6-A187-F44DB2E5F563}.RelWithDebInfo|x64.ActiveCfg = RelWithDebInfo|x64
		{4625CF02-F8BF-30DB-8F8E-B90E63578613}.Debug|x64.ActiveCfg = Debug|x64
		{4625CF02-F8BF-30DB-8F8E-B90E63578613}.Release|x64.ActiveCfg = Release|x64
		{4625CF02-F8BF-30DB-8F8E-B90E63578613}.MinSizeRel|x64.ActiveCfg = MinSizeRel|x64
		{4625CF02-F8BF-30DB-8F8E-B90E63578613}.RelWithDebInfo|x64.ActiveCfg = RelWithDebInfo|x64
		{88EE2EED-E564-3C80-BD86-ACA03C638B88}.Debug|x64.ActiveCfg = Debug|x64
		{88EE2EED-E564-3C80-BD86-ACA03C638B88}.Debug|x64.Build.0 = Debug|x64
		{88EE2EED-E564-3C80-BD86-ACA03C638B88}.Release|x64.ActiveCfg = Release|x64
		{88EE2EED-E564-3C80-BD86-ACA03C638B88}.Release|x64.Build.0 = Release|x64
		{88EE2EED-E564-3C80-BD86-ACA03C638B88}.MinSizeRel|x64.ActiveCfg = MinSizeRel|x64
		{88EE2EED-E564-3C80-BD86-ACA03C638B88}.MinSizeRel|x64.Build.0 = MinSizeRel|x64
		{88EE2EED-E564-3C80-BD86-ACA03C638B88}.RelWithDebInfo|x64.ActiveCfg = RelWithDebInfo|x64
		{88EE2EED-E564-3C80-BD86-ACA03C638B88}.RelWithDebInfo|x64.Build.0 = RelWithDebInfo|x64
		{A624F711-BCF9-3C8D-849C-40D2681A60BB}.Debug|x64.ActiveCfg = Debug|x64
		{A624F711-BCF9-3C8D-849C-40D2681A60BB}.Debug|x64.Build.0 = Debug|x64
		{A624F711-BCF9-3C8D-849C-40D2681A60BB}.Release|x64.ActiveCfg = Release|x64
		{A624F711-BCF9-3C8D-849C-40D2681A60BB}.Release|x64.Build.0 = Release|x64
		{A624F711-BCF9-3C8D-849C-40D2681A60BB}.MinSizeRel|x64.ActiveCfg = MinSizeRel|x64
		{A624F711-BCF9-3C8D-849C-40D2681A60BB}.MinSizeRel|x64.Build.0 = MinSizeRel|x64
		{A624F711-BCF9-3C8D-849C-40D2681A60BB}.RelWithDebInfo|x64.ActiveCfg = RelWithDebInfo|x64
		{A624F711-BCF9-3C8D-849C-40D2681A60BB}.RelWithDebInfo|x64.Build.0 = RelWithDebInfo|x64
		{3FCA30C1-F531-3F71-BE4E-F41261C900BE}.Debug|x64.ActiveCfg = Debug|x64
		{3FCA30C1-F531-3F71-BE4E-F41261C900BE}.Debug|x64.Build.0 = Debug|x64
		{3FCA30C1-F531-3F71-BE4E-F41261C900BE}.Release|x64.ActiveCfg = Release|x64
		{3FCA30C1-F531-3F71-BE4E-F41261C900BE}.Release|x64.Build.0 = Release|x64
		{3FCA30C1-F531-3F71-BE4E-F41261C900BE}.MinSizeRel|x64.ActiveCfg = MinSizeRel|x64
		{3FCA30C1-F531-3F71-BE4E-F41261C900BE}.MinSizeRel|x64.Build.0 = MinSizeRel|x64
		{3FCA30C1-F531-3F71-BE4E-F41261C900BE}.RelWithDebInfo|x64.ActiveCfg = RelWithDebInfo|x64
		{3FCA30C1-F531-3F71-BE4E-F41261C900BE}.RelWithDebInfo|x64.Build.0 = RelWithDebInfo|x64
	EndGlobalSection
	GlobalSection(ExtensibilityGlobals) = postSolution
		SolutionGuid = {AEC8454C-23B0-35BC-A199-E5B64F74F11E}
	EndGlobalSection
	GlobalSection(ExtensibilityAddIns) = postSolution
	EndGlobalSection
EndGlobal
