<?xml version="1.0" encoding="utf-8"?>
<Project ToolsVersion="17.0" xmlns="http://schemas.microsoft.com/developer/msbuild/2003">
  <ItemGroup>
    <CustomBuild Include="D:\developpements\visual\StochasticDithering\delaunator-cpp\CMakeFiles\24d4e5ef9bfa5226a02cb4334904b283\RUN_TESTS_force.rule">
      <Filter>CMake Rules</Filter>
    </CustomBuild>
  </ItemGroup>
  <ItemGroup>
    <Filter Include="CMake Rules">
      <UniqueIdentifier>{356780F3-F550-37D7-9ACB-D7E5D468BEDC}</UniqueIdentifier>
    </Filter>
  </ItemGroup>
</Project>
